
Microsoft Visual Studio Solution File, Format Version 12.00
# Visual Studio Version 17
VisualStudioVersion = 17.10.35027.167
MinimumVisualStudioVersion = 10.0.40219.1
Project("{FAE04EC0-301F-11D3-BF4B-00C04F79EFBC}") = "GdTasks", "GdTasks\GdTasks.csproj", "{212E4598-3A75-AE47-EA66-DB609C7B4ADF}"
EndProject
Global
	GlobalSection(SolutionConfigurationPlatforms) = preSolution
		Debug|Any CPU = Debug|Any CPU
		ExportDebug|Any CPU = ExportDebug|Any CPU
		ExportRelease|Any CPU = ExportRelease|Any CPU
	EndGlobalSection
	GlobalSection(ProjectConfigurationPlatforms) = postSolution
		{212E4598-3A75-AE47-EA66-DB609C7B4ADF}.Debug|Any CPU.ActiveCfg = Debug|Any CPU
		{212E4598-3A75-AE47-EA66-DB609C7B4ADF}.Debug|Any CPU.Build.0 = Debug|Any CPU
		{212E4598-3A75-AE47-EA66-DB609C7B4ADF}.ExportDebug|Any CPU.ActiveCfg = ExportDebug|Any CPU
		{212E4598-3A75-AE47-EA66-DB609C7B4ADF}.ExportDebug|Any CPU.Build.0 = ExportDebug|Any CPU
		{212E4598-3A75-AE47-EA66-DB609C7B4ADF}.ExportRelease|Any CPU.ActiveCfg = ExportRelease|Any CPU
		{212E4598-3A75-AE47-EA66-DB609C7B4ADF}.ExportRelease|Any CPU.Build.0 = ExportRelease|Any CPU
	EndGlobalSection
	GlobalSection(SolutionProperties) = preSolution
		HideSolutionNode = FALSE
	EndGlobalSection
	GlobalSection(ExtensibilityGlobals) = postSolution
		SolutionGuid = {688C3662-0D40-4D17-8576-4FA4A992B65A}
	EndGlobalSection
EndGlobal
